
Microsoft Visual Studio Solution File, Format Version 12.00
# Visual Studio Version 17
VisualStudioVersion = 17.6.33712.159
MinimumVisualStudioVersion = 10.0.40219.1
Project("{9A19103F-16F7-4668-BE54-9A1E7A4F7556}") = "squadup", "squadup\squadup.csproj", "{E7515164-ACF3-4A24-98EF-9272760C659E}"
EndProject
Global
	GlobalSection(SolutionConfigurationPlatforms) = preSolution
		Debug|Any CPU = Debug|Any CPU
		Release|Any CPU = Release|Any CPU
	EndGlobalSection
	GlobalSection(ProjectConfigurationPlatforms) = postSolution
		{E7515164-ACF3-4A24-98EF-9272760C659E}.Debug|Any CPU.ActiveCfg = Debug|Any CPU
		{E7515164-ACF3-4A24-98EF-9272760C659E}.Debug|Any CPU.Build.0 = Debug|Any CPU
		{E7515164-ACF3-4A24-98EF-9272760C659E}.Release|Any CPU.ActiveCfg = Release|Any CPU
		{E7515164-ACF3-4A24-98EF-9272760C659E}.Release|Any CPU.Build.0 = Release|Any CPU
	EndGlobalSection
	GlobalSection(SolutionProperties) = preSolution
		HideSolutionNode = FALSE
	EndGlobalSection
	GlobalSection(ExtensibilityGlobals) = postSolution
		SolutionGuid = {4078AFC9-D9E1-4C73-9486-8461C74E27E3}
	EndGlobalSection
EndGlobal
